// !$*UTF8*$!
{
	archiveVersion = 1;
	classes = {
	};
	objectVersion = 56;
	objects = {

/* Begin PBXBuildFile section */
		D484768629F7739800066A4A /* PaletteTest.swift in Sources */ = {isa = PBXBuildFile; fileRef = D484768529F7739800066A4A /* PaletteTest.swift */; };
		D4B23A662A076226006F9198 /* ColorTest.swift in Sources */ = {isa = PBXBuildFile; fileRef = D4B23A652A076226006F9198 /* ColorTest.swift */; };
		D4C57CE329F68C580048423F /* AppDelegate.swift in Sources */ = {isa = PBXBuildFile; fileRef = D4C57CE229F68C580048423F /* AppDelegate.swift */; };
		D4C57CE529F68C580048423F /* SceneDelegate.swift in Sources */ = {isa = PBXBuildFile; fileRef = D4C57CE429F68C580048423F /* SceneDelegate.swift */; };
		D4C57CE729F68C580048423F /* ViewController.swift in Sources */ = {isa = PBXBuildFile; fileRef = D4C57CE629F68C580048423F /* ViewController.swift */; };
		D4C57CEA29F68C580048423F /* Main.storyboard in Resources */ = {isa = PBXBuildFile; fileRef = D4C57CE829F68C580048423F /* Main.storyboard */; };
		D4C57CEC29F68C5A0048423F /* Assets.xcassets in Resources */ = {isa = PBXBuildFile; fileRef = D4C57CEB29F68C5A0048423F /* Assets.xcassets */; };
		D4C57CEF29F68C5A0048423F /* LaunchScreen.storyboard in Resources */ = {isa = PBXBuildFile; fileRef = D4C57CED29F68C5A0048423F /* LaunchScreen.storyboard */; };
		D4C57CFA29F68C5A0048423F /* SwiftColorPaletteTests.swift in Sources */ = {isa = PBXBuildFile; fileRef = D4C57CF929F68C5A0048423F /* SwiftColorPaletteTests.swift */; };
		D4C57D0429F68C5A0048423F /* SwiftColorPaletteUITests.swift in Sources */ = {isa = PBXBuildFile; fileRef = D4C57D0329F68C5A0048423F /* SwiftColorPaletteUITests.swift */; };
		D4C57D0629F68C5A0048423F /* SwiftColorPaletteUITestsLaunchTests.swift in Sources */ = {isa = PBXBuildFile; fileRef = D4C57D0529F68C5A0048423F /* SwiftColorPaletteUITestsLaunchTests.swift */; };
		D4C57D1529F68D350048423F /* ArrayHorizontalView.swift in Sources */ = {isa = PBXBuildFile; fileRef = D4C57D1429F68D350048423F /* ArrayHorizontalView.swift */; };
		D4C57D1729F68D5D0048423F /* ArrayElemViewProtocol.swift in Sources */ = {isa = PBXBuildFile; fileRef = D4C57D1629F68D5D0048423F /* ArrayElemViewProtocol.swift */; };
		D4C57D1929F68FC70048423F /* ColorElemView.swift in Sources */ = {isa = PBXBuildFile; fileRef = D4C57D1829F68FC70048423F /* ColorElemView.swift */; };
		D4C57D1C29F68FFD0048423F /* Palette_UIImageExtensions.swift in Sources */ = {isa = PBXBuildFile; fileRef = D4C57D1B29F68FFD0048423F /* Palette_UIImageExtensions.swift */; };
		D4C57D1E29F690190048423F /* Palette_UIColorExtensions.swift in Sources */ = {isa = PBXBuildFile; fileRef = D4C57D1D29F690190048423F /* Palette_UIColorExtensions.swift */; };
		D4C57D2029F690300048423F /* Palette_UIImageViewExtensions.swift in Sources */ = {isa = PBXBuildFile; fileRef = D4C57D1F29F690300048423F /* Palette_UIImageViewExtensions.swift */; };
		D4C57D2229F690420048423F /* Palette_UIViewExtensions.swift in Sources */ = {isa = PBXBuildFile; fileRef = D4C57D2129F690420048423F /* Palette_UIViewExtensions.swift */; };
		D4C57D2429F6907A0048423F /* ColorData.swift in Sources */ = {isa = PBXBuildFile; fileRef = D4C57D2329F6907A0048423F /* ColorData.swift */; };
		D4C57D2729F6911F0048423F /* Palette_Image.swift in Sources */ = {isa = PBXBuildFile; fileRef = D4C57D2629F6911F0048423F /* Palette_Image.swift */; };
		D4C57D2929F691350048423F /* Palette_Paths.swift in Sources */ = {isa = PBXBuildFile; fileRef = D4C57D2829F691350048423F /* Palette_Paths.swift */; };
		D4D2404E29F699C400785742 /* ColorAdjustmentPopup.swift in Sources */ = {isa = PBXBuildFile; fileRef = D4D2404D29F699C400785742 /* ColorAdjustmentPopup.swift */; };
		D4D2405029F699E200785742 /* PopupViewWithArrow.swift in Sources */ = {isa = PBXBuildFile; fileRef = D4D2404F29F699E200785742 /* PopupViewWithArrow.swift */; };
		D4D2405229F69AD200785742 /* RGBSegmentsView.swift in Sources */ = {isa = PBXBuildFile; fileRef = D4D2405129F69AD200785742 /* RGBSegmentsView.swift */; };
		D4D2405429F69B0600785742 /* ColorSliderView.swift in Sources */ = {isa = PBXBuildFile; fileRef = D4D2405329F69B0600785742 /* ColorSliderView.swift */; };
		D4D2405729F69C9B00785742 /* GridSegmentView.swift in Sources */ = {isa = PBXBuildFile; fileRef = D4D2405629F69C9B00785742 /* GridSegmentView.swift */; };
		D4D2405929F69CB500785742 /* SlidersSegmentView.swift in Sources */ = {isa = PBXBuildFile; fileRef = D4D2405829F69CB500785742 /* SlidersSegmentView.swift */; };
		D4D2405B29F69CD000785742 /* SpectrumSegmentView.swift in Sources */ = {isa = PBXBuildFile; fileRef = D4D2405A29F69CD000785742 /* SpectrumSegmentView.swift */; };
		D4D2405D29F69CE200785742 /* grid_image_for_color_adjustment.png in Resources */ = {isa = PBXBuildFile; fileRef = D4D2405C29F69CE200785742 /* grid_image_for_color_adjustment.png */; };
		D4D2405F29F69CE900785742 /* spectrum_image_for_color_adjustment.png in Resources */ = {isa = PBXBuildFile; fileRef = D4D2405E29F69CE900785742 /* spectrum_image_for_color_adjustment.png */; };
		D4D2406129F69DDC00785742 /* HexStringLabel.swift in Sources */ = {isa = PBXBuildFile; fileRef = D4D2406029F69DDC00785742 /* HexStringLabel.swift */; };
		D4D2406529F6AF7500785742 /* Toast.swift in Sources */ = {isa = PBXBuildFile; fileRef = D4D2406429F6AF7500785742 /* Toast.swift */; };
/* End PBXBuildFile section */

/* Begin PBXContainerItemProxy section */
		D4C57CF629F68C5A0048423F /* PBXContainerItemProxy */ = {
			isa = PBXContainerItemProxy;
			containerPortal = D4C57CD729F68C580048423F /* Project object */;
			proxyType = 1;
			remoteGlobalIDString = D4C57CDE29F68C580048423F;
			remoteInfo = SwiftColorPalette;
		};
		D4C57D0029F68C5A0048423F /* PBXContainerItemProxy */ = {
			isa = PBXContainerItemProxy;
			containerPortal = D4C57CD729F68C580048423F /* Project object */;
			proxyType = 1;
			remoteGlobalIDString = D4C57CDE29F68C580048423F;
			remoteInfo = SwiftColorPalette;
		};
/* End PBXContainerItemProxy section */

/* Begin PBXFileReference section */
		D484768529F7739800066A4A /* PaletteTest.swift */ = {isa = PBXFileReference; lastKnownFileType = sourcecode.swift; path = PaletteTest.swift; sourceTree = "<group>"; };
		D4B23A652A076226006F9198 /* ColorTest.swift */ = {isa = PBXFileReference; lastKnownFileType = sourcecode.swift; path = ColorTest.swift; sourceTree = "<group>"; };
		D4C57CDF29F68C580048423F /* SwiftColorPalette.app */ = {isa = PBXFileReference; explicitFileType = wrapper.application; includeInIndex = 0; path = SwiftColorPalette.app; sourceTree = BUILT_PRODUCTS_DIR; };
		D4C57CE229F68C580048423F /* AppDelegate.swift */ = {isa = PBXFileReference; lastKnownFileType = sourcecode.swift; path = AppDelegate.swift; sourceTree = "<group>"; };
		D4C57CE429F68C580048423F /* SceneDelegate.swift */ = {isa = PBXFileReference; lastKnownFileType = sourcecode.swift; path = SceneDelegate.swift; sourceTree = "<group>"; };
		D4C57CE629F68C580048423F /* ViewController.swift */ = {isa = PBXFileReference; lastKnownFileType = sourcecode.swift; path = ViewController.swift; sourceTree = "<group>"; };
		D4C57CE929F68C580048423F /* Base */ = {isa = PBXFileReference; lastKnownFileType = file.storyboard; name = Base; path = Base.lproj/Main.storyboard; sourceTree = "<group>"; };
		D4C57CEB29F68C5A0048423F /* Assets.xcassets */ = {isa = PBXFileReference; lastKnownFileType = folder.assetcatalog; path = Assets.xcassets; sourceTree = "<group>"; };
		D4C57CEE29F68C5A0048423F /* Base */ = {isa = PBXFileReference; lastKnownFileType = file.storyboard; name = Base; path = Base.lproj/LaunchScreen.storyboard; sourceTree = "<group>"; };
		D4C57CF029F68C5A0048423F /* Info.plist */ = {isa = PBXFileReference; lastKnownFileType = text.plist.xml; path = Info.plist; sourceTree = "<group>"; };
		D4C57CF529F68C5A0048423F /* SwiftColorPaletteTests.xctest */ = {isa = PBXFileReference; explicitFileType = wrapper.cfbundle; includeInIndex = 0; path = SwiftColorPaletteTests.xctest; sourceTree = BUILT_PRODUCTS_DIR; };
		D4C57CF929F68C5A0048423F /* SwiftColorPaletteTests.swift */ = {isa = PBXFileReference; lastKnownFileType = sourcecode.swift; path = SwiftColorPaletteTests.swift; sourceTree = "<group>"; };
		D4C57CFF29F68C5A0048423F /* SwiftColorPaletteUITests.xctest */ = {isa = PBXFileReference; explicitFileType = wrapper.cfbundle; includeInIndex = 0; path = SwiftColorPaletteUITests.xctest; sourceTree = BUILT_PRODUCTS_DIR; };
		D4C57D0329F68C5A0048423F /* SwiftColorPaletteUITests.swift */ = {isa = PBXFileReference; lastKnownFileType = sourcecode.swift; path = SwiftColorPaletteUITests.swift; sourceTree = "<group>"; };
		D4C57D0529F68C5A0048423F /* SwiftColorPaletteUITestsLaunchTests.swift */ = {isa = PBXFileReference; lastKnownFileType = sourcecode.swift; path = SwiftColorPaletteUITestsLaunchTests.swift; sourceTree = "<group>"; };
		D4C57D1429F68D350048423F /* ArrayHorizontalView.swift */ = {isa = PBXFileReference; lastKnownFileType = sourcecode.swift; path = ArrayHorizontalView.swift; sourceTree = "<group>"; };
		D4C57D1629F68D5D0048423F /* ArrayElemViewProtocol.swift */ = {isa = PBXFileReference; lastKnownFileType = sourcecode.swift; path = ArrayElemViewProtocol.swift; sourceTree = "<group>"; };
		D4C57D1829F68FC70048423F /* ColorElemView.swift */ = {isa = PBXFileReference; lastKnownFileType = sourcecode.swift; path = ColorElemView.swift; sourceTree = "<group>"; };
		D4C57D1B29F68FFD0048423F /* Palette_UIImageExtensions.swift */ = {isa = PBXFileReference; lastKnownFileType = sourcecode.swift; path = Palette_UIImageExtensions.swift; sourceTree = "<group>"; };
		D4C57D1D29F690190048423F /* Palette_UIColorExtensions.swift */ = {isa = PBXFileReference; lastKnownFileType = sourcecode.swift; path = Palette_UIColorExtensions.swift; sourceTree = "<group>"; };
		D4C57D1F29F690300048423F /* Palette_UIImageViewExtensions.swift */ = {isa = PBXFileReference; lastKnownFileType = sourcecode.swift; path = Palette_UIImageViewExtensions.swift; sourceTree = "<group>"; };
		D4C57D2129F690420048423F /* Palette_UIViewExtensions.swift */ = {isa = PBXFileReference; lastKnownFileType = sourcecode.swift; path = Palette_UIViewExtensions.swift; sourceTree = "<group>"; };
		D4C57D2329F6907A0048423F /* ColorData.swift */ = {isa = PBXFileReference; lastKnownFileType = sourcecode.swift; path = ColorData.swift; sourceTree = "<group>"; };
		D4C57D2629F6911F0048423F /* Palette_Image.swift */ = {isa = PBXFileReference; lastKnownFileType = sourcecode.swift; path = Palette_Image.swift; sourceTree = "<group>"; };
		D4C57D2829F691350048423F /* Palette_Paths.swift */ = {isa = PBXFileReference; lastKnownFileType = sourcecode.swift; path = Palette_Paths.swift; sourceTree = "<group>"; };
		D4D2404D29F699C400785742 /* ColorAdjustmentPopup.swift */ = {isa = PBXFileReference; lastKnownFileType = sourcecode.swift; path = ColorAdjustmentPopup.swift; sourceTree = "<group>"; };
		D4D2404F29F699E200785742 /* PopupViewWithArrow.swift */ = {isa = PBXFileReference; lastKnownFileType = sourcecode.swift; path = PopupViewWithArrow.swift; sourceTree = "<group>"; };
		D4D2405129F69AD200785742 /* RGBSegmentsView.swift */ = {isa = PBXFileReference; lastKnownFileType = sourcecode.swift; path = RGBSegmentsView.swift; sourceTree = "<group>"; };
		D4D2405329F69B0600785742 /* ColorSliderView.swift */ = {isa = PBXFileReference; lastKnownFileType = sourcecode.swift; path = ColorSliderView.swift; sourceTree = "<group>"; };
		D4D2405629F69C9B00785742 /* GridSegmentView.swift */ = {isa = PBXFileReference; lastKnownFileType = sourcecode.swift; path = GridSegmentView.swift; sourceTree = "<group>"; };
		D4D2405829F69CB500785742 /* SlidersSegmentView.swift */ = {isa = PBXFileReference; lastKnownFileType = sourcecode.swift; path = SlidersSegmentView.swift; sourceTree = "<group>"; };
		D4D2405A29F69CD000785742 /* SpectrumSegmentView.swift */ = {isa = PBXFileReference; lastKnownFileType = sourcecode.swift; path = SpectrumSegmentView.swift; sourceTree = "<group>"; };
		D4D2405C29F69CE200785742 /* grid_image_for_color_adjustment.png */ = {isa = PBXFileReference; lastKnownFileType = image.png; path = grid_image_for_color_adjustment.png; sourceTree = "<group>"; };
		D4D2405E29F69CE900785742 /* spectrum_image_for_color_adjustment.png */ = {isa = PBXFileReference; lastKnownFileType = image.png; path = spectrum_image_for_color_adjustment.png; sourceTree = "<group>"; };
		D4D2406029F69DDC00785742 /* HexStringLabel.swift */ = {isa = PBXFileReference; lastKnownFileType = sourcecode.swift; path = HexStringLabel.swift; sourceTree = "<group>"; };
		D4D2406429F6AF7500785742 /* Toast.swift */ = {isa = PBXFileReference; lastKnownFileType = sourcecode.swift; path = Toast.swift; sourceTree = "<group>"; };
/* End PBXFileReference section */

/* Begin PBXFrameworksBuildPhase section */
		D4C57CDC29F68C580048423F /* Frameworks */ = {
			isa = PBXFrameworksBuildPhase;
			buildActionMask = 2147483647;
			files = (
			);
			runOnlyForDeploymentPostprocessing = 0;
		};
		D4C57CF229F68C5A0048423F /* Frameworks */ = {
			isa = PBXFrameworksBuildPhase;
			buildActionMask = 2147483647;
			files = (
			);
			runOnlyForDeploymentPostprocessing = 0;
		};
		D4C57CFC29F68C5A0048423F /* Frameworks */ = {
			isa = PBXFrameworksBuildPhase;
			buildActionMask = 2147483647;
			files = (
			);
			runOnlyForDeploymentPostprocessing = 0;
		};
/* End PBXFrameworksBuildPhase section */

/* Begin PBXGroup section */
		D4C57CD629F68C580048423F = {
			isa = PBXGroup;
			children = (
				D4C57CE129F68C580048423F /* SwiftColorPalette */,
				D4C57CF829F68C5A0048423F /* SwiftColorPaletteTests */,
				D4C57D0229F68C5A0048423F /* SwiftColorPaletteUITests */,
				D4C57CE029F68C580048423F /* Products */,
			);
			sourceTree = "<group>";
		};
		D4C57CE029F68C580048423F /* Products */ = {
			isa = PBXGroup;
			children = (
				D4C57CDF29F68C580048423F /* SwiftColorPalette.app */,
				D4C57CF529F68C5A0048423F /* SwiftColorPaletteTests.xctest */,
				D4C57CFF29F68C5A0048423F /* SwiftColorPaletteUITests.xctest */,
			);
			name = Products;
			sourceTree = "<group>";
		};
		D4C57CE129F68C580048423F /* SwiftColorPalette */ = {
			isa = PBXGroup;
			children = (
				D4C57CE229F68C580048423F /* AppDelegate.swift */,
				D4C57CE429F68C580048423F /* SceneDelegate.swift */,
				D4C57CE629F68C580048423F /* ViewController.swift */,
				D4C57D2329F6907A0048423F /* ColorData.swift */,
				D4C57D1A29F68FE60048423F /* Extensions */,
				D4C57D1229F68CB10048423F /* Palette */,
				D4D2404C29F699A200785742 /* ColorAdjustment */,
				D4D2406629F6AF8200785742 /* Components */,
				D4D2405529F69C6C00785742 /* RGBSegmentsView */,
				D4C57D2529F691090048423F /* Utils */,
				D4C57CE829F68C580048423F /* Main.storyboard */,
				D4C57CEB29F68C5A0048423F /* Assets.xcassets */,
				D4C57CED29F68C5A0048423F /* LaunchScreen.storyboard */,
				D4C57CF029F68C5A0048423F /* Info.plist */,
			);
			path = SwiftColorPalette;
			sourceTree = "<group>";
		};
		D4C57CF829F68C5A0048423F /* SwiftColorPaletteTests */ = {
			isa = PBXGroup;
			children = (
				D4C57CF929F68C5A0048423F /* SwiftColorPaletteTests.swift */,
				D484768529F7739800066A4A /* PaletteTest.swift */,
				D4B23A652A076226006F9198 /* ColorTest.swift */,
			);
			path = SwiftColorPaletteTests;
			sourceTree = "<group>";
		};
		D4C57D0229F68C5A0048423F /* SwiftColorPaletteUITests */ = {
			isa = PBXGroup;
			children = (
				D4C57D0329F68C5A0048423F /* SwiftColorPaletteUITests.swift */,
				D4C57D0529F68C5A0048423F /* SwiftColorPaletteUITestsLaunchTests.swift */,
			);
			path = SwiftColorPaletteUITests;
			sourceTree = "<group>";
		};
		D4C57D1229F68CB10048423F /* Palette */ = {
			isa = PBXGroup;
			children = (
				D4C57D1429F68D350048423F /* ArrayHorizontalView.swift */,
				D4C57D1629F68D5D0048423F /* ArrayElemViewProtocol.swift */,
				D4C57D1829F68FC70048423F /* ColorElemView.swift */,
			);
			path = Palette;
			sourceTree = "<group>";
		};
		D4C57D1A29F68FE60048423F /* Extensions */ = {
			isa = PBXGroup;
			children = (
				D4C57D1B29F68FFD0048423F /* Palette_UIImageExtensions.swift */,
				D4C57D1D29F690190048423F /* Palette_UIColorExtensions.swift */,
				D4C57D1F29F690300048423F /* Palette_UIImageViewExtensions.swift */,
				D4C57D2129F690420048423F /* Palette_UIViewExtensions.swift */,
			);
			path = Extensions;
			sourceTree = "<group>";
		};
		D4C57D2529F691090048423F /* Utils */ = {
			isa = PBXGroup;
			children = (
				D4C57D2629F6911F0048423F /* Palette_Image.swift */,
				D4C57D2829F691350048423F /* Palette_Paths.swift */,
			);
			path = Utils;
			sourceTree = "<group>";
		};
		D4D2404C29F699A200785742 /* ColorAdjustment */ = {
			isa = PBXGroup;
			children = (
				D4D2404D29F699C400785742 /* ColorAdjustmentPopup.swift */,
			);
			path = ColorAdjustment;
			sourceTree = "<group>";
		};
		D4D2405529F69C6C00785742 /* RGBSegmentsView */ = {
			isa = PBXGroup;
			children = (
				D4D2405129F69AD200785742 /* RGBSegmentsView.swift */,
				D4D2405629F69C9B00785742 /* GridSegmentView.swift */,
				D4D2405C29F69CE200785742 /* grid_image_for_color_adjustment.png */,
				D4D2405A29F69CD000785742 /* SpectrumSegmentView.swift */,
				D4D2405E29F69CE900785742 /* spectrum_image_for_color_adjustment.png */,
				D4D2405829F69CB500785742 /* SlidersSegmentView.swift */,
			);
			path = RGBSegmentsView;
			sourceTree = "<group>";
		};
		D4D2406629F6AF8200785742 /* Components */ = {
			isa = PBXGroup;
			children = (
				D4D2405329F69B0600785742 /* ColorSliderView.swift */,
				D4D2406029F69DDC00785742 /* HexStringLabel.swift */,
				D4D2404F29F699E200785742 /* PopupViewWithArrow.swift */,
				D4D2406429F6AF7500785742 /* Toast.swift */,
			);
			path = Components;
			sourceTree = "<group>";
		};
/* End PBXGroup section */

/* Begin PBXNativeTarget section */
		D4C57CDE29F68C580048423F /* SwiftColorPalette */ = {
			isa = PBXNativeTarget;
			buildConfigurationList = D4C57D0929F68C5A0048423F /* Build configuration list for PBXNativeTarget "SwiftColorPalette" */;
			buildPhases = (
				D4C57CDB29F68C580048423F /* Sources */,
				D4C57CDC29F68C580048423F /* Frameworks */,
				D4C57CDD29F68C580048423F /* Resources */,
				D48B69212A03D64300AA1687 /* Swift lint */,
			);
			buildRules = (
			);
			dependencies = (
			);
			name = SwiftColorPalette;
			productName = SwiftColorPalette;
			productReference = D4C57CDF29F68C580048423F /* SwiftColorPalette.app */;
			productType = "com.apple.product-type.application";
		};
		D4C57CF429F68C5A0048423F /* SwiftColorPaletteTests */ = {
			isa = PBXNativeTarget;
			buildConfigurationList = D4C57D0C29F68C5A0048423F /* Build configuration list for PBXNativeTarget "SwiftColorPaletteTests" */;
			buildPhases = (
				D4C57CF129F68C5A0048423F /* Sources */,
				D4C57CF229F68C5A0048423F /* Frameworks */,
				D4C57CF329F68C5A0048423F /* Resources */,
			);
			buildRules = (
			);
			dependencies = (
				D4C57CF729F68C5A0048423F /* PBXTargetDependency */,
			);
			name = SwiftColorPaletteTests;
			productName = SwiftColorPaletteTests;
			productReference = D4C57CF529F68C5A0048423F /* SwiftColorPaletteTests.xctest */;
			productType = "com.apple.product-type.bundle.unit-test";
		};
		D4C57CFE29F68C5A0048423F /* SwiftColorPaletteUITests */ = {
			isa = PBXNativeTarget;
			buildConfigurationList = D4C57D0F29F68C5A0048423F /* Build configuration list for PBXNativeTarget "SwiftColorPaletteUITests" */;
			buildPhases = (
				D4C57CFB29F68C5A0048423F /* Sources */,
				D4C57CFC29F68C5A0048423F /* Frameworks */,
				D4C57CFD29F68C5A0048423F /* Resources */,
			);
			buildRules = (
			);
			dependencies = (
				D4C57D0129F68C5A0048423F /* PBXTargetDependency */,
			);
			name = SwiftColorPaletteUITests;
			productName = SwiftColorPaletteUITests;
			productReference = D4C57CFF29F68C5A0048423F /* SwiftColorPaletteUITests.xctest */;
			productType = "com.apple.product-type.bundle.ui-testing";
		};
/* End PBXNativeTarget section */

/* Begin PBXProject section */
		D4C57CD729F68C580048423F /* Project object */ = {
			isa = PBXProject;
			attributes = {
				BuildIndependentTargetsInParallel = 1;
				LastSwiftUpdateCheck = 1410;
				LastUpgradeCheck = 1410;
				TargetAttributes = {
					D4C57CDE29F68C580048423F = {
						CreatedOnToolsVersion = 14.1;
					};
					D4C57CF429F68C5A0048423F = {
						CreatedOnToolsVersion = 14.1;
						TestTargetID = D4C57CDE29F68C580048423F;
					};
					D4C57CFE29F68C5A0048423F = {
						CreatedOnToolsVersion = 14.1;
						TestTargetID = D4C57CDE29F68C580048423F;
					};
				};
			};
			buildConfigurationList = D4C57CDA29F68C580048423F /* Build configuration list for PBXProject "SwiftColorPalette" */;
			compatibilityVersion = "Xcode 14.0";
			developmentRegion = en;
			hasScannedForEncodings = 0;
			knownRegions = (
				en,
				Base,
			);
			mainGroup = D4C57CD629F68C580048423F;
			productRefGroup = D4C57CE029F68C580048423F /* Products */;
			projectDirPath = "";
			projectRoot = "";
			targets = (
				D4C57CDE29F68C580048423F /* SwiftColorPalette */,
				D4C57CF429F68C5A0048423F /* SwiftColorPaletteTests */,
				D4C57CFE29F68C5A0048423F /* SwiftColorPaletteUITests */,
			);
		};
/* End PBXProject section */

/* Begin PBXResourcesBuildPhase section */
		D4C57CDD29F68C580048423F /* Resources */ = {
			isa = PBXResourcesBuildPhase;
			buildActionMask = 2147483647;
			files = (
				D4D2405D29F69CE200785742 /* grid_image_for_color_adjustment.png in Resources */,
				D4C57CEF29F68C5A0048423F /* LaunchScreen.storyboard in Resources */,
				D4D2405F29F69CE900785742 /* spectrum_image_for_color_adjustment.png in Resources */,
				D4C57CEC29F68C5A0048423F /* Assets.xcassets in Resources */,
				D4C57CEA29F68C580048423F /* Main.storyboard in Resources */,
			);
			runOnlyForDeploymentPostprocessing = 0;
		};
		D4C57CF329F68C5A0048423F /* Resources */ = {
			isa = PBXResourcesBuildPhase;
			buildActionMask = 2147483647;
			files = (
			);
			runOnlyForDeploymentPostprocessing = 0;
		};
		D4C57CFD29F68C5A0048423F /* Resources */ = {
			isa = PBXResourcesBuildPhase;
			buildActionMask = 2147483647;
			files = (
			);
			runOnlyForDeploymentPostprocessing = 0;
		};
/* End PBXResourcesBuildPhase section */

/* Begin PBXShellScriptBuildPhase section */
		D48B69212A03D64300AA1687 /* Swift lint */ = {
			isa = PBXShellScriptBuildPhase;
			alwaysOutOfDate = 1;
			buildActionMask = 2147483647;
			files = (
			);
			inputFileListPaths = (
			);
			inputPaths = (
			);
			name = "Swift lint";
			outputFileListPaths = (
			);
			outputPaths = (
			);
			runOnlyForDeploymentPostprocessing = 0;
			shellPath = /bin/sh;
			shellScript = "if which swiftlint >/dev/null; then\n  swiftlint\nelse\n  echo \"SwiftLint does not exist, download from https://github.com/realm/SwiftLint\"\nfi\n";
		};
/* End PBXShellScriptBuildPhase section */

/* Begin PBXSourcesBuildPhase section */
		D4C57CDB29F68C580048423F /* Sources */ = {
			isa = PBXSourcesBuildPhase;
			buildActionMask = 2147483647;
			files = (
				D4D2405729F69C9B00785742 /* GridSegmentView.swift in Sources */,
				D4C57D2929F691350048423F /* Palette_Paths.swift in Sources */,
				D4C57D1729F68D5D0048423F /* ArrayElemViewProtocol.swift in Sources */,
				D4C57D1E29F690190048423F /* Palette_UIColorExtensions.swift in Sources */,
				D4D2405929F69CB500785742 /* SlidersSegmentView.swift in Sources */,
				D4C57D1C29F68FFD0048423F /* Palette_UIImageExtensions.swift in Sources */,
				D4C57D1529F68D350048423F /* ArrayHorizontalView.swift in Sources */,
				D4C57D2429F6907A0048423F /* ColorData.swift in Sources */,
				D4C57CE729F68C580048423F /* ViewController.swift in Sources */,
				D4D2406129F69DDC00785742 /* HexStringLabel.swift in Sources */,
				D4D2404E29F699C400785742 /* ColorAdjustmentPopup.swift in Sources */,
				D4C57D1929F68FC70048423F /* ColorElemView.swift in Sources */,
				D4C57D2729F6911F0048423F /* Palette_Image.swift in Sources */,
				D4D2405029F699E200785742 /* PopupViewWithArrow.swift in Sources */,
				D4D2405B29F69CD000785742 /* SpectrumSegmentView.swift in Sources */,
				D4D2405429F69B0600785742 /* ColorSliderView.swift in Sources */,
				D4C57D2029F690300048423F /* Palette_UIImageViewExtensions.swift in Sources */,
				D4D2405229F69AD200785742 /* RGBSegmentsView.swift in Sources */,
				D4C57CE329F68C580048423F /* AppDelegate.swift in Sources */,
				D4D2406529F6AF7500785742 /* Toast.swift in Sources */,
				D4C57D2229F690420048423F /* Palette_UIViewExtensions.swift in Sources */,
				D4C57CE529F68C580048423F /* SceneDelegate.swift in Sources */,
			);
			runOnlyForDeploymentPostprocessing = 0;
		};
		D4C57CF129F68C5A0048423F /* Sources */ = {
			isa = PBXSourcesBuildPhase;
			buildActionMask = 2147483647;
			files = (
				D4C57CFA29F68C5A0048423F /* SwiftColorPaletteTests.swift in Sources */,
				D4B23A662A076226006F9198 /* ColorTest.swift in Sources */,
				D484768629F7739800066A4A /* PaletteTest.swift in Sources */,
			);
			runOnlyForDeploymentPostprocessing = 0;
		};
		D4C57CFB29F68C5A0048423F /* Sources */ = {
			isa = PBXSourcesBuildPhase;
			buildActionMask = 2147483647;
			files = (
				D4C57D0629F68C5A0048423F /* SwiftColorPaletteUITestsLaunchTests.swift in Sources */,
				D4C57D0429F68C5A0048423F /* SwiftColorPaletteUITests.swift in Sources */,
			);
			runOnlyForDeploymentPostprocessing = 0;
		};
/* End PBXSourcesBuildPhase section */

/* Begin PBXTargetDependency section */
		D4C57CF729F68C5A0048423F /* PBXTargetDependency */ = {
			isa = PBXTargetDependency;
			target = D4C57CDE29F68C580048423F /* SwiftColorPalette */;
			targetProxy = D4C57CF629F68C5A0048423F /* PBXContainerItemProxy */;
		};
		D4C57D0129F68C5A0048423F /* PBXTargetDependency */ = {
			isa = PBXTargetDependency;
			target = D4C57CDE29F68C580048423F /* SwiftColorPalette */;
			targetProxy = D4C57D0029F68C5A0048423F /* PBXContainerItemProxy */;
		};
/* End PBXTargetDependency section */

/* Begin PBXVariantGroup section */
		D4C57CE829F68C580048423F /* Main.storyboard */ = {
			isa = PBXVariantGroup;
			children = (
				D4C57CE929F68C580048423F /* Base */,
			);
			name = Main.storyboard;
			sourceTree = "<group>";
		};
		D4C57CED29F68C5A0048423F /* LaunchScreen.storyboard */ = {
			isa = PBXVariantGroup;
			children = (
				D4C57CEE29F68C5A0048423F /* Base */,
			);
			name = LaunchScreen.storyboard;
			sourceTree = "<group>";
		};
/* End PBXVariantGroup section */

/* Begin XCBuildConfiguration section */
		D4C57D0729F68C5A0048423F /* Debug */ = {
			isa = XCBuildConfiguration;
			buildSettings = {
				ALWAYS_SEARCH_USER_PATHS = NO;
				CLANG_ANALYZER_NONNULL = YES;
				CLANG_ANALYZER_NUMBER_OBJECT_CONVERSION = YES_AGGRESSIVE;
				CLANG_CXX_LANGUAGE_STANDARD = "gnu++20";
				CLANG_ENABLE_MODULES = YES;
				CLANG_ENABLE_OBJC_ARC = YES;
				CLANG_ENABLE_OBJC_WEAK = YES;
				CLANG_WARN_BLOCK_CAPTURE_AUTORELEASING = YES;
				CLANG_WARN_BOOL_CONVERSION = YES;
				CLANG_WARN_COMMA = YES;
				CLANG_WARN_CONSTANT_CONVERSION = YES;
				CLANG_WARN_DEPRECATED_OBJC_IMPLEMENTATIONS = YES;
				CLANG_WARN_DIRECT_OBJC_ISA_USAGE = YES_ERROR;
				CLANG_WARN_DOCUMENTATION_COMMENTS = YES;
				CLANG_WARN_EMPTY_BODY = YES;
				CLANG_WARN_ENUM_CONVERSION = YES;
				CLANG_WARN_INFINITE_RECURSION = YES;
				CLANG_WARN_INT_CONVERSION = YES;
				CLANG_WARN_NON_LITERAL_NULL_CONVERSION = YES;
				CLANG_WARN_OBJC_IMPLICIT_RETAIN_SELF = YES;
				CLANG_WARN_OBJC_LITERAL_CONVERSION = YES;
				CLANG_WARN_OBJC_ROOT_CLASS = YES_ERROR;
				CLANG_WARN_QUOTED_INCLUDE_IN_FRAMEWORK_HEADER = YES;
				CLANG_WARN_RANGE_LOOP_ANALYSIS = YES;
				CLANG_WARN_STRICT_PROTOTYPES = YES;
				CLANG_WARN_SUSPICIOUS_MOVE = YES;
				CLANG_WARN_UNGUARDED_AVAILABILITY = YES_AGGRESSIVE;
				CLANG_WARN_UNREACHABLE_CODE = YES;
				CLANG_WARN__DUPLICATE_METHOD_MATCH = YES;
				COPY_PHASE_STRIP = NO;
				DEBUG_INFORMATION_FORMAT = dwarf;
				ENABLE_STRICT_OBJC_MSGSEND = YES;
				ENABLE_TESTABILITY = YES;
				GCC_C_LANGUAGE_STANDARD = gnu11;
				GCC_DYNAMIC_NO_PIC = NO;
				GCC_NO_COMMON_BLOCKS = YES;
				GCC_OPTIMIZATION_LEVEL = 0;
				GCC_PREPROCESSOR_DEFINITIONS = (
					"DEBUG=1",
					"$(inherited)",
				);
				GCC_WARN_64_TO_32_BIT_CONVERSION = YES;
				GCC_WARN_ABOUT_RETURN_TYPE = YES_ERROR;
				GCC_WARN_UNDECLARED_SELECTOR = YES;
				GCC_WARN_UNINITIALIZED_AUTOS = YES_AGGRESSIVE;
				GCC_WARN_UNUSED_FUNCTION = YES;
				GCC_WARN_UNUSED_VARIABLE = YES;
				IPHONEOS_DEPLOYMENT_TARGET = 16.1;
				MTL_ENABLE_DEBUG_INFO = INCLUDE_SOURCE;
				MTL_FAST_MATH = YES;
				ONLY_ACTIVE_ARCH = YES;
				SDKROOT = iphoneos;
				SWIFT_ACTIVE_COMPILATION_CONDITIONS = DEBUG;
				SWIFT_OPTIMIZATION_LEVEL = "-Onone";
			};
			name = Debug;
		};
		D4C57D0829F68C5A0048423F /* Release */ = {
			isa = XCBuildConfiguration;
			buildSettings = {
				ALWAYS_SEARCH_USER_PATHS = NO;
				CLANG_ANALYZER_NONNULL = YES;
				CLANG_ANALYZER_NUMBER_OBJECT_CONVERSION = YES_AGGRESSIVE;
				CLANG_CXX_LANGUAGE_STANDARD = "gnu++20";
				CLANG_ENABLE_MODULES = YES;
				CLANG_ENABLE_OBJC_ARC = YES;
				CLANG_ENABLE_OBJC_WEAK = YES;
				CLANG_WARN_BLOCK_CAPTURE_AUTORELEASING = YES;
				CLANG_WARN_BOOL_CONVERSION = YES;
				CLANG_WARN_COMMA = YES;
				CLANG_WARN_CONSTANT_CONVERSION = YES;
				CLANG_WARN_DEPRECATED_OBJC_IMPLEMENTATIONS = YES;
				CLANG_WARN_DIRECT_OBJC_ISA_USAGE = YES_ERROR;
				CLANG_WARN_DOCUMENTATION_COMMENTS = YES;
				CLANG_WARN_EMPTY_BODY = YES;
				CLANG_WARN_ENUM_CONVERSION = YES;
				CLANG_WARN_INFINITE_RECURSION = YES;
				CLANG_WARN_INT_CONVERSION = YES;
				CLANG_WARN_NON_LITERAL_NULL_CONVERSION = YES;
				CLANG_WARN_OBJC_IMPLICIT_RETAIN_SELF = YES;
				CLANG_WARN_OBJC_LITERAL_CONVERSION = YES;
				CLANG_WARN_OBJC_ROOT_CLASS = YES_ERROR;
				CLANG_WARN_QUOTED_INCLUDE_IN_FRAMEWORK_HEADER = YES;
				CLANG_WARN_RANGE_LOOP_ANALYSIS = YES;
				CLANG_WARN_STRICT_PROTOTYPES = YES;
				CLANG_WARN_SUSPICIOUS_MOVE = YES;
				CLANG_WARN_UNGUARDED_AVAILABILITY = YES_AGGRESSIVE;
				CLANG_WARN_UNREACHABLE_CODE = YES;
				CLANG_WARN__DUPLICATE_METHOD_MATCH = YES;
				COPY_PHASE_STRIP = NO;
				DEBUG_INFORMATION_FORMAT = "dwarf-with-dsym";
				ENABLE_NS_ASSERTIONS = NO;
				ENABLE_STRICT_OBJC_MSGSEND = YES;
				GCC_C_LANGUAGE_STANDARD = gnu11;
				GCC_NO_COMMON_BLOCKS = YES;
				GCC_WARN_64_TO_32_BIT_CONVERSION = YES;
				GCC_WARN_ABOUT_RETURN_TYPE = YES_ERROR;
				GCC_WARN_UNDECLARED_SELECTOR = YES;
				GCC_WARN_UNINITIALIZED_AUTOS = YES_AGGRESSIVE;
				GCC_WARN_UNUSED_FUNCTION = YES;
				GCC_WARN_UNUSED_VARIABLE = YES;
				IPHONEOS_DEPLOYMENT_TARGET = 16.1;
				MTL_ENABLE_DEBUG_INFO = NO;
				MTL_FAST_MATH = YES;
				SDKROOT = iphoneos;
				SWIFT_COMPILATION_MODE = wholemodule;
				SWIFT_OPTIMIZATION_LEVEL = "-O";
				VALIDATE_PRODUCT = YES;
			};
			name = Release;
		};
		D4C57D0A29F68C5A0048423F /* Debug */ = {
			isa = XCBuildConfiguration;
			buildSettings = {
				ASSETCATALOG_COMPILER_APPICON_NAME = AppIcon;
				ASSETCATALOG_COMPILER_GLOBAL_ACCENT_COLOR_NAME = AccentColor;
				CODE_SIGN_IDENTITY = "Apple Development";
				CODE_SIGN_STYLE = Manual;
				CURRENT_PROJECT_VERSION = 1;
				DEVELOPMENT_TEAM = "";
				GENERATE_INFOPLIST_FILE = YES;
				INFOPLIST_FILE = SwiftColorPalette/Info.plist;
				INFOPLIST_KEY_UIApplicationSupportsIndirectInputEvents = YES;
				INFOPLIST_KEY_UILaunchStoryboardName = LaunchScreen;
				INFOPLIST_KEY_UIMainStoryboardFile = Main;
				INFOPLIST_KEY_UISupportedInterfaceOrientations_iPad = "UIInterfaceOrientationPortrait UIInterfaceOrientationPortraitUpsideDown UIInterfaceOrientationLandscapeLeft UIInterfaceOrientationLandscapeRight";
				INFOPLIST_KEY_UISupportedInterfaceOrientations_iPhone = "UIInterfaceOrientationPortrait UIInterfaceOrientationLandscapeLeft UIInterfaceOrientationLandscapeRight";
				IPHONEOS_DEPLOYMENT_TARGET = 14.0;
				LD_RUNPATH_SEARCH_PATHS = (
					"$(inherited)",
					"@executable_path/Frameworks",
				);
				MARKETING_VERSION = 1.0;
				PRODUCT_BUNDLE_IDENTIFIER = com.eisukekusachi.SwiftColorPalette;
				PRODUCT_NAME = "$(TARGET_NAME)";
				PROVISIONING_PROFILE_SPECIFIER = "";
				SWIFT_EMIT_LOC_STRINGS = YES;
				SWIFT_VERSION = 5.0;
				TARGETED_DEVICE_FAMILY = "1,2";
			};
			name = Debug;
		};
		D4C57D0B29F68C5A0048423F /* Release */ = {
			isa = XCBuildConfiguration;
			buildSettings = {
				ASSETCATALOG_COMPILER_APPICON_NAME = AppIcon;
				ASSETCATALOG_COMPILER_GLOBAL_ACCENT_COLOR_NAME = AccentColor;
				CODE_SIGN_IDENTITY = "Apple Development";
				CODE_SIGN_STYLE = Manual;
				CURRENT_PROJECT_VERSION = 1;
				DEVELOPMENT_TEAM = "";
				GENERATE_INFOPLIST_FILE = YES;
				INFOPLIST_FILE = SwiftColorPalette/Info.plist;
				INFOPLIST_KEY_UIApplicationSupportsIndirectInputEvents = YES;
				INFOPLIST_KEY_UILaunchStoryboardName = LaunchScreen;
				INFOPLIST_KEY_UIMainStoryboardFile = Main;
				INFOPLIST_KEY_UISupportedInterfaceOrientations_iPad = "UIInterfaceOrientationPortrait UIInterfaceOrientationPortraitUpsideDown UIInterfaceOrientationLandscapeLeft UIInterfaceOrientationLandscapeRight";
				INFOPLIST_KEY_UISupportedInterfaceOrientations_iPhone = "UIInterfaceOrientationPortrait UIInterfaceOrientationLandscapeLeft UIInterfaceOrientationLandscapeRight";
				IPHONEOS_DEPLOYMENT_TARGET = 14.0;
				LD_RUNPATH_SEARCH_PATHS = (
					"$(inherited)",
					"@executable_path/Frameworks",
				);
				MARKETING_VERSION = 1.0;
				PRODUCT_BUNDLE_IDENTIFIER = com.eisukekusachi.SwiftColorPalette;
				PRODUCT_NAME = "$(TARGET_NAME)";
				PROVISIONING_PROFILE_SPECIFIER = "";
				SWIFT_EMIT_LOC_STRINGS = YES;
				SWIFT_VERSION = 5.0;
				TARGETED_DEVICE_FAMILY = "1,2";
			};
			name = Release;
		};
		D4C57D0D29F68C5A0048423F /* Debug */ = {
			isa = XCBuildConfiguration;
			buildSettings = {
				ALWAYS_EMBED_SWIFT_STANDARD_LIBRARIES = YES;
				BUNDLE_LOADER = "$(TEST_HOST)";
				CODE_SIGN_STYLE = Automatic;
				CURRENT_PROJECT_VERSION = 1;
				DEVELOPMENT_TEAM = 59LR79WH8J;
				GENERATE_INFOPLIST_FILE = YES;
				IPHONEOS_DEPLOYMENT_TARGET = 16.1;
				MARKETING_VERSION = 1.0;
				PRODUCT_BUNDLE_IDENTIFIER = com.eisukekusachi.SwiftColorPaletteTests;
				PRODUCT_NAME = "$(TARGET_NAME)";
				SWIFT_EMIT_LOC_STRINGS = NO;
				SWIFT_VERSION = 5.0;
				TARGETED_DEVICE_FAMILY = "1,2";
				TEST_HOST = "$(BUILT_PRODUCTS_DIR)/SwiftColorPalette.app/$(BUNDLE_EXECUTABLE_FOLDER_PATH)/SwiftColorPalette";
			};
			name = Debug;
		};
		D4C57D0E29F68C5A0048423F /* Release */ = {
			isa = XCBuildConfiguration;
			buildSettings = {
				ALWAYS_EMBED_SWIFT_STANDARD_LIBRARIES = YES;
				BUNDLE_LOADER = "$(TEST_HOST)";
				CODE_SIGN_STYLE = Automatic;
				CURRENT_PROJECT_VERSION = 1;
				DEVELOPMENT_TEAM = 59LR79WH8J;
				GENERATE_INFOPLIST_FILE = YES;
				IPHONEOS_DEPLOYMENT_TARGET = 16.1;
				MARKETING_VERSION = 1.0;
				PRODUCT_BUNDLE_IDENTIFIER = com.eisukekusachi.SwiftColorPaletteTests;
				PRODUCT_NAME = "$(TARGET_NAME)";
				SWIFT_EMIT_LOC_STRINGS = NO;
				SWIFT_VERSION = 5.0;
				TARGETED_DEVICE_FAMILY = "1,2";
				TEST_HOST = "$(BUILT_PRODUCTS_DIR)/SwiftColorPalette.app/$(BUNDLE_EXECUTABLE_FOLDER_PATH)/SwiftColorPalette";
			};
			name = Release;
		};
		D4C57D1029F68C5A0048423F /* Debug */ = {
			isa = XCBuildConfiguration;
			buildSettings = {
				ALWAYS_EMBED_SWIFT_STANDARD_LIBRARIES = YES;
				CODE_SIGN_STYLE = Automatic;
				CURRENT_PROJECT_VERSION = 1;
				DEVELOPMENT_TEAM = 59LR79WH8J;
				GENERATE_INFOPLIST_FILE = YES;
				MARKETING_VERSION = 1.0;
				PRODUCT_BUNDLE_IDENTIFIER = com.eisukekusachi.SwiftColorPaletteUITests;
				PRODUCT_NAME = "$(TARGET_NAME)";
				SWIFT_EMIT_LOC_STRINGS = NO;
				SWIFT_VERSION = 5.0;
				TARGETED_DEVICE_FAMILY = "1,2";
				TEST_TARGET_NAME = SwiftColorPalette;
			};
			name = Debug;
		};
		D4C57D1129F68C5A0048423F /* Release */ = {
			isa = XCBuildConfiguration;
			buildSettings = {
				ALWAYS_EMBED_SWIFT_STANDARD_LIBRARIES = YES;
				CODE_SIGN_STYLE = Automatic;
				CURRENT_PROJECT_VERSION = 1;
				DEVELOPMENT_TEAM = 59LR79WH8J;
				GENERATE_INFOPLIST_FILE = YES;
				MARKETING_VERSION = 1.0;
				PRODUCT_BUNDLE_IDENTIFIER = com.eisukekusachi.SwiftColorPaletteUITests;
				PRODUCT_NAME = "$(TARGET_NAME)";
				SWIFT_EMIT_LOC_STRINGS = NO;
				SWIFT_VERSION = 5.0;
				TARGETED_DEVICE_FAMILY = "1,2";
				TEST_TARGET_NAME = SwiftColorPalette;
			};
			name = Release;
		};
/* End XCBuildConfiguration section */

/* Begin XCConfigurationList section */
		D4C57CDA29F68C580048423F /* Build configuration list for PBXProject "SwiftColorPalette" */ = {
			isa = XCConfigurationList;
			buildConfigurations = (
				D4C57D0729F68C5A0048423F /* Debug */,
				D4C57D0829F68C5A0048423F /* Release */,
			);
			defaultConfigurationIsVisible = 0;
			defaultConfigurationName = Release;
		};
		D4C57D0929F68C5A0048423F /* Build configuration list for PBXNativeTarget "SwiftColorPalette" */ = {
			isa = XCConfigurationList;
			buildConfigurations = (
				D4C57D0A29F68C5A0048423F /* Debug */,
				D4C57D0B29F68C5A0048423F /* Release */,
			);
			defaultConfigurationIsVisible = 0;
			defaultConfigurationName = Release;
		};
		D4C57D0C29F68C5A0048423F /* Build configuration list for PBXNativeTarget "SwiftColorPaletteTests" */ = {
			isa = XCConfigurationList;
			buildConfigurations = (
				D4C57D0D29F68C5A0048423F /* Debug */,
				D4C57D0E29F68C5A0048423F /* Release */,
			);
			defaultConfigurationIsVisible = 0;
			defaultConfigurationName = Release;
		};
		D4C57D0F29F68C5A0048423F /* Build configuration list for PBXNativeTarget "SwiftColorPaletteUITests" */ = {
			isa = XCConfigurationList;
			buildConfigurations = (
				D4C57D1029F68C5A0048423F /* Debug */,
				D4C57D1129F68C5A0048423F /* Release */,
			);
			defaultConfigurationIsVisible = 0;
			defaultConfigurationName = Release;
		};
/* End XCConfigurationList section */
	};
	rootObject = D4C57CD729F68C580048423F /* Project object */;
}
