// !$*UTF8*$!
{
	archiveVersion = 1;
	classes = {
	};
	objectVersion = 56;
	objects = {

/* Begin PBXBuildFile section */
		D4C57CE329F68C580048423F /* AppDelegate.swift in Sources */ = {isa = PBXBuildFile; fileRef = D4C57CE229F68C580048423F /* AppDelegate.swift */; };
		D4C57CE529F68C580048423F /* SceneDelegate.swift in Sources */ = {isa = PBXBuildFile; fileRef = D4C57CE429F68C580048423F /* SceneDelegate.swift */; };
		D4C57CE729F68C580048423F /* ViewController.swift in Sources */ = {isa = PBXBuildFile; fileRef = D4C57CE629F68C580048423F /* ViewController.swift */; };
		D4C57CEA29F68C580048423F /* Main.storyboard in Resources */ = {isa = PBXBuildFile; fileRef = D4C57CE829F68C580048423F /* Main.storyboard */; };
		D4C57CEC29F68C5A0048423F /* Assets.xcassets in Resources */ = {isa = PBXBuildFile; fileRef = D4C57CEB29F68C5A0048423F /* Assets.xcassets */; };
		D4C57CEF29F68C5A0048423F /* LaunchScreen.storyboard in Resources */ = {isa = PBXBuildFile; fileRef = D4C57CED29F68C5A0048423F /* LaunchScreen.storyboard */; };
		D4C57CFA29F68C5A0048423F /* SwiftColorPaletteTests.swift in Sources */ = {isa = PBXBuildFile; fileRef = D4C57CF929F68C5A0048423F /* SwiftColorPaletteTests.swift */; };
		D4C57D0429F68C5A0048423F /* SwiftColorPaletteUITests.swift in Sources */ = {isa = PBXBuildFile; fileRef = D4C57D0329F68C5A0048423F /* SwiftColorPaletteUITests.swift */; };
		D4C57D0629F68C5A0048423F /* SwiftColorPaletteUITestsLaunchTests.swift in Sources */ = {isa = PBXBuildFile; fileRef = D4C57D0529F68C5A0048423F /* SwiftColorPaletteUITestsLaunchTests.swift */; };
/* End PBXBuildFile section */

/* Begin PBXContainerItemProxy section */
		D4C57CF629F68C5A0048423F /* PBXContainerItemProxy */ = {
			isa = PBXContainerItemProxy;
			containerPortal = D4C57CD729F68C580048423F /* Project object */;
			proxyType = 1;
			remoteGlobalIDString = D4C57CDE29F68C580048423F;
			remoteInfo = SwiftColorPalette;
		};
		D4C57D0029F68C5A0048423F /* PBXContainerItemProxy */ = {
			isa = PBXContainerItemProxy;
			containerPortal = D4C57CD729F68C580048423F /* Project object */;
			proxyType = 1;
			remoteGlobalIDString = D4C57CDE29F68C580048423F;
			remoteInfo = SwiftColorPalette;
		};
/* End PBXContainerItemProxy section */

/* Begin PBXFileReference section */
		D4C57CDF29F68C580048423F /* SwiftColorPalette.app */ = {isa = PBXFileReference; explicitFileType = wrapper.application; includeInIndex = 0; path = SwiftColorPalette.app; sourceTree = BUILT_PRODUCTS_DIR; };
		D4C57CE229F68C580048423F /* AppDelegate.swift */ = {isa = PBXFileReference; lastKnownFileType = sourcecode.swift; path = AppDelegate.swift; sourceTree = "<group>"; };
		D4C57CE429F68C580048423F /* SceneDelegate.swift */ = {isa = PBXFileReference; lastKnownFileType = sourcecode.swift; path = SceneDelegate.swift; sourceTree = "<group>"; };
		D4C57CE629F68C580048423F /* ViewController.swift */ = {isa = PBXFileReference; lastKnownFileType = sourcecode.swift; path = ViewController.swift; sourceTree = "<group>"; };
		D4C57CE929F68C580048423F /* Base */ = {isa = PBXFileReference; lastKnownFileType = file.storyboard; name = Base; path = Base.lproj/Main.storyboard; sourceTree = "<group>"; };
		D4C57CEB29F68C5A0048423F /* Assets.xcassets */ = {isa = PBXFileReference; lastKnownFileType = folder.assetcatalog; path = Assets.xcassets; sourceTree = "<group>"; };
		D4C57CEE29F68C5A0048423F /* Base */ = {isa = PBXFileReference; lastKnownFileType = file.storyboard; name = Base; path = Base.lproj/LaunchScreen.storyboard; sourceTree = "<group>"; };
		D4C57CF029F68C5A0048423F /* Info.plist */ = {isa = PBXFileReference; lastKnownFileType = text.plist.xml; path = Info.plist; sourceTree = "<group>"; };
		D4C57CF529F68C5A0048423F /* SwiftColorPaletteTests.xctest */ = {isa = PBXFileReference; explicitFileType = wrapper.cfbundle; includeInIndex = 0; path = SwiftColorPaletteTests.xctest; sourceTree = BUILT_PRODUCTS_DIR; };
		D4C57CF929F68C5A0048423F /* SwiftColorPaletteTests.swift */ = {isa = PBXFileReference; lastKnownFileType = sourcecode.swift; path = SwiftColorPaletteTests.swift; sourceTree = "<group>"; };
		D4C57CFF29F68C5A0048423F /* SwiftColorPaletteUITests.xctest */ = {isa = PBXFileReference; explicitFileType = wrapper.cfbundle; includeInIndex = 0; path = SwiftColorPaletteUITests.xctest; sourceTree = BUILT_PRODUCTS_DIR; };
		D4C57D0329F68C5A0048423F /* SwiftColorPaletteUITests.swift */ = {isa = PBXFileReference; lastKnownFileType = sourcecode.swift; path = SwiftColorPaletteUITests.swift; sourceTree = "<group>"; };
		D4C57D0529F68C5A0048423F /* SwiftColorPaletteUITestsLaunchTests.swift */ = {isa = PBXFileReference; lastKnownFileType = sourcecode.swift; path = SwiftColorPaletteUITestsLaunchTests.swift; sourceTree = "<group>"; };
/* End PBXFileReference section */

/* Begin PBXFrameworksBuildPhase section */
		D4C57CDC29F68C580048423F /* Frameworks */ = {
			isa = PBXFrameworksBuildPhase;
			buildActionMask = 2147483647;
			files = (
			);
			runOnlyForDeploymentPostprocessing = 0;
		};
		D4C57CF229F68C5A0048423F /* Frameworks */ = {
			isa = PBXFrameworksBuildPhase;
			buildActionMask = 2147483647;
			files = (
			);
			runOnlyForDeploymentPostprocessing = 0;
		};
		D4C57CFC29F68C5A0048423F /* Frameworks */ = {
			isa = PBXFrameworksBuildPhase;
			buildActionMask = 2147483647;
			files = (
			);
			runOnlyForDeploymentPostprocessing = 0;
		};
/* End PBXFrameworksBuildPhase section */

/* Begin PBXGroup section */
		D4C57CD629F68C580048423F = {
			isa = PBXGroup;
			children = (
				D4C57CE129F68C580048423F /* SwiftColorPalette */,
				D4C57CF829F68C5A0048423F /* SwiftColorPaletteTests */,
				D4C57D0229F68C5A0048423F /* SwiftColorPaletteUITests */,
				D4C57CE029F68C580048423F /* Products */,
			);
			sourceTree = "<group>";
		};
		D4C57CE029F68C580048423F /* Products */ = {
			isa = PBXGroup;
			children = (
				D4C57CDF29F68C580048423F /* SwiftColorPalette.app */,
				D4C57CF529F68C5A0048423F /* SwiftColorPaletteTests.xctest */,
				D4C57CFF29F68C5A0048423F /* SwiftColorPaletteUITests.xctest */,
			);
			name = Products;
			sourceTree = "<group>";
		};
		D4C57CE129F68C580048423F /* SwiftColorPalette */ = {
			isa = PBXGroup;
			children = (
				D4C57CE229F68C580048423F /* AppDelegate.swift */,
				D4C57CE429F68C580048423F /* SceneDelegate.swift */,
				D4C57CE629F68C580048423F /* ViewController.swift */,
				D4C57CE829F68C580048423F /* Main.storyboard */,
				D4C57CEB29F68C5A0048423F /* Assets.xcassets */,
				D4C57CED29F68C5A0048423F /* LaunchScreen.storyboard */,
				D4C57CF029F68C5A0048423F /* Info.plist */,
			);
			path = SwiftColorPalette;
			sourceTree = "<group>";
		};
		D4C57CF829F68C5A0048423F /* SwiftColorPaletteTests */ = {
			isa = PBXGroup;
			children = (
				D4C57CF929F68C5A0048423F /* SwiftColorPaletteTests.swift */,
			);
			path = SwiftColorPaletteTests;
			sourceTree = "<group>";
		};
		D4C57D0229F68C5A0048423F /* SwiftColorPaletteUITests */ = {
			isa = PBXGroup;
			children = (
				D4C57D0329F68C5A0048423F /* SwiftColorPaletteUITests.swift */,
				D4C57D0529F68C5A0048423F /* SwiftColorPaletteUITestsLaunchTests.swift */,
			);
			path = SwiftColorPaletteUITests;
			sourceTree = "<group>";
		};
/* End PBXGroup section */

/* Begin PBXNativeTarget section */
		D4C57CDE29F68C580048423F /* SwiftColorPalette */ = {
			isa = PBXNativeTarget;
			buildConfigurationList = D4C57D0929F68C5A0048423F /* Build configuration list for PBXNativeTarget "SwiftColorPalette" */;
			buildPhases = (
				D4C57CDB29F68C580048423F /* Sources */,
				D4C57CDC29F68C580048423F /* Frameworks */,
				D4C57CDD29F68C580048423F /* Resources */,
			);
			buildRules = (
			);
			dependencies = (
			);
			name = SwiftColorPalette;
			productName = SwiftColorPalette;
			productReference = D4C57CDF29F68C580048423F /* SwiftColorPalette.app */;
			productType = "com.apple.product-type.application";
		};
		D4C57CF429F68C5A0048423F /* SwiftColorPaletteTests */ = {
			isa = PBXNativeTarget;
			buildConfigurationList = D4C57D0C29F68C5A0048423F /* Build configuration list for PBXNativeTarget "SwiftColorPaletteTests" */;
			buildPhases = (
				D4C57CF129F68C5A0048423F /* Sources */,
				D4C57CF229F68C5A0048423F /* Frameworks */,
				D4C57CF329F68C5A0048423F /* Resources */,
			);
			buildRules = (
			);
			dependencies = (
				D4C57CF729F68C5A0048423F /* PBXTargetDependency */,
			);
			name = SwiftColorPaletteTests;
			productName = SwiftColorPaletteTests;
			productReference = D4C57CF529F68C5A0048423F /* SwiftColorPaletteTests.xctest */;
			productType = "com.apple.product-type.bundle.unit-test";
		};
		D4C57CFE29F68C5A0048423F /* SwiftColorPaletteUITests */ = {
			isa = PBXNativeTarget;
			buildConfigurationList = D4C57D0F29F68C5A0048423F /* Build configuration list for PBXNativeTarget "SwiftColorPaletteUITests" */;
			buildPhases = (
				D4C57CFB29F68C5A0048423F /* Sources */,
				D4C57CFC29F68C5A0048423F /* Frameworks */,
				D4C57CFD29F68C5A0048423F /* Resources */,
			);
			buildRules = (
			);
			dependencies = (
				D4C57D0129F68C5A0048423F /* PBXTargetDependency */,
			);
			name = SwiftColorPaletteUITests;
			productName = SwiftColorPaletteUITests;
			productReference = D4C57CFF29F68C5A0048423F /* SwiftColorPaletteUITests.xctest */;
			productType = "com.apple.product-type.bundle.ui-testing";
		};
/* End PBXNativeTarget section */

/* Begin PBXProject section */
		D4C57CD729F68C580048423F /* Project object */ = {
			isa = PBXProject;
			attributes = {
				BuildIndependentTargetsInParallel = 1;
				LastSwiftUpdateCheck = 1410;
				LastUpgradeCheck = 1410;
				TargetAttributes = {
					D4C57CDE29F68C580048423F = {
						CreatedOnToolsVersion = 14.1;
					};
					D4C57CF429F68C5A0048423F = {
						CreatedOnToolsVersion = 14.1;
						TestTargetID = D4C57CDE29F68C580048423F;
					};
					D4C57CFE29F68C5A0048423F = {
						CreatedOnToolsVersion = 14.1;
						TestTargetID = D4C57CDE29F68C580048423F;
					};
				};
			};
			buildConfigurationList = D4C57CDA29F68C580048423F /* Build configuration list for PBXProject "SwiftColorPalette" */;
			compatibilityVersion = "Xcode 14.0";
			developmentRegion = en;
			hasScannedForEncodings = 0;
			knownRegions = (
				en,
				Base,
			);
			mainGroup = D4C57CD629F68C580048423F;
			productRefGroup = D4C57CE029F68C580048423F /* Products */;
			projectDirPath = "";
			projectRoot = "";
			targets = (
				D4C57CDE29F68C580048423F /* SwiftColorPalette */,
				D4C57CF429F68C5A0048423F /* SwiftColorPaletteTests */,
				D4C57CFE29F68C5A0048423F /* SwiftColorPaletteUITests */,
			);
		};
/* End PBXProject section */

/* Begin PBXResourcesBuildPhase section */
		D4C57CDD29F68C580048423F /* Resources */ = {
			isa = PBXResourcesBuildPhase;
			buildActionMask = 2147483647;
			files = (
				D4C57CEF29F68C5A0048423F /* LaunchScreen.storyboard in Resources */,
				D4C57CEC29F68C5A0048423F /* Assets.xcassets in Resources */,
				D4C57CEA29F68C580048423F /* Main.storyboard in Resources */,
			);
			runOnlyForDeploymentPostprocessing = 0;
		};
		D4C57CF329F68C5A0048423F /* Resources */ = {
			isa = PBXResourcesBuildPhase;
			buildActionMask = 2147483647;
			files = (
			);
			runOnlyForDeploymentPostprocessing = 0;
		};
		D4C57CFD29F68C5A0048423F /* Resources */ = {
			isa = PBXResourcesBuildPhase;
			buildActionMask = 2147483647;
			files = (
			);
			runOnlyForDeploymentPostprocessing = 0;
		};
/* End PBXResourcesBuildPhase section */

/* Begin PBXSourcesBuildPhase section */
		D4C57CDB29F68C580048423F /* Sources */ = {
			isa = PBXSourcesBuildPhase;
			buildActionMask = 2147483647;
			files = (
				D4C57CE729F68C580048423F /* ViewController.swift in Sources */,
				D4C57CE329F68C580048423F /* AppDelegate.swift in Sources */,
				D4C57CE529F68C580048423F /* SceneDelegate.swift in Sources */,
			);
			runOnlyForDeploymentPostprocessing = 0;
		};
		D4C57CF129F68C5A0048423F /* Sources */ = {
			isa = PBXSourcesBuildPhase;
			buildActionMask = 2147483647;
			files = (
				D4C57CFA29F68C5A0048423F /* SwiftColorPaletteTests.swift in Sources */,
			);
			runOnlyForDeploymentPostprocessing = 0;
		};
		D4C57CFB29F68C5A0048423F /* Sources */ = {
			isa = PBXSourcesBuildPhase;
			buildActionMask = 2147483647;
			files = (
				D4C57D0629F68C5A0048423F /* SwiftColorPaletteUITestsLaunchTests.swift in Sources */,
				D4C57D0429F68C5A0048423F /* SwiftColorPaletteUITests.swift in Sources */,
			);
			runOnlyForDeploymentPostprocessing = 0;
		};
/* End PBXSourcesBuildPhase section */

/* Begin PBXTargetDependency section */
		D4C57CF729F68C5A0048423F /* PBXTargetDependency */ = {
			isa = PBXTargetDependency;
			target = D4C57CDE29F68C580048423F /* SwiftColorPalette */;
			targetProxy = D4C57CF629F68C5A0048423F /* PBXContainerItemProxy */;
		};
		D4C57D0129F68C5A0048423F /* PBXTargetDependency */ = {
			isa = PBXTargetDependency;
			target = D4C57CDE29F68C580048423F /* SwiftColorPalette */;
			targetProxy = D4C57D0029F68C5A0048423F /* PBXContainerItemProxy */;
		};
/* End PBXTargetDependency section */

/* Begin PBXVariantGroup section */
		D4C57CE829F68C580048423F /* Main.storyboard */ = {
			isa = PBXVariantGroup;
			children = (
				D4C57CE929F68C580048423F /* Base */,
			);
			name = Main.storyboard;
			sourceTree = "<group>";
		};
		D4C57CED29F68C5A0048423F /* LaunchScreen.storyboard */ = {
			isa = PBXVariantGroup;
			children = (
				D4C57CEE29F68C5A0048423F /* Base */,
			);
			name = LaunchScreen.storyboard;
			sourceTree = "<group>";
		};
/* End PBXVariantGroup section */

/* Begin XCBuildConfiguration section */
		D4C57D0729F68C5A0048423F /* Debug */ = {
			isa = XCBuildConfiguration;
			buildSettings = {
				ALWAYS_SEARCH_USER_PATHS = NO;
				CLANG_ANALYZER_NONNULL = YES;
				CLANG_ANALYZER_NUMBER_OBJECT_CONVERSION = YES_AGGRESSIVE;
				CLANG_CXX_LANGUAGE_STANDARD = "gnu++20";
				CLANG_ENABLE_MODULES = YES;
				CLANG_ENABLE_OBJC_ARC = YES;
				CLANG_ENABLE_OBJC_WEAK = YES;
				CLANG_WARN_BLOCK_CAPTURE_AUTORELEASING = YES;
				CLANG_WARN_BOOL_CONVERSION = YES;
				CLANG_WARN_COMMA = YES;
				CLANG_WARN_CONSTANT_CONVERSION = YES;
				CLANG_WARN_DEPRECATED_OBJC_IMPLEMENTATIONS = YES;
				CLANG_WARN_DIRECT_OBJC_ISA_USAGE = YES_ERROR;
				CLANG_WARN_DOCUMENTATION_COMMENTS = YES;
				CLANG_WARN_EMPTY_BODY = YES;
				CLANG_WARN_ENUM_CONVERSION = YES;
				CLANG_WARN_INFINITE_RECURSION = YES;
				CLANG_WARN_INT_CONVERSION = YES;
				CLANG_WARN_NON_LITERAL_NULL_CONVERSION = YES;
				CLANG_WARN_OBJC_IMPLICIT_RETAIN_SELF = YES;
				CLANG_WARN_OBJC_LITERAL_CONVERSION = YES;
				CLANG_WARN_OBJC_ROOT_CLASS = YES_ERROR;
				CLANG_WARN_QUOTED_INCLUDE_IN_FRAMEWORK_HEADER = YES;
				CLANG_WARN_RANGE_LOOP_ANALYSIS = YES;
				CLANG_WARN_STRICT_PROTOTYPES = YES;
				CLANG_WARN_SUSPICIOUS_MOVE = YES;
				CLANG_WARN_UNGUARDED_AVAILABILITY = YES_AGGRESSIVE;
				CLANG_WARN_UNREACHABLE_CODE = YES;
				CLANG_WARN__DUPLICATE_METHOD_MATCH = YES;
				COPY_PHASE_STRIP = NO;
				DEBUG_INFORMATION_FORMAT = dwarf;
				ENABLE_STRICT_OBJC_MSGSEND = YES;
				ENABLE_TESTABILITY = YES;
				GCC_C_LANGUAGE_STANDARD = gnu11;
				GCC_DYNAMIC_NO_PIC = NO;
				GCC_NO_COMMON_BLOCKS = YES;
				GCC_OPTIMIZATION_LEVEL = 0;
				GCC_PREPROCESSOR_DEFINITIONS = (
					"DEBUG=1",
					"$(inherited)",
				);
				GCC_WARN_64_TO_32_BIT_CONVERSION = YES;
				GCC_WARN_ABOUT_RETURN_TYPE = YES_ERROR;
				GCC_WARN_UNDECLARED_SELECTOR = YES;
				GCC_WARN_UNINITIALIZED_AUTOS = YES_AGGRESSIVE;
				GCC_WARN_UNUSED_FUNCTION = YES;
				GCC_WARN_UNUSED_VARIABLE = YES;
				IPHONEOS_DEPLOYMENT_TARGET = 16.1;
				MTL_ENABLE_DEBUG_INFO = INCLUDE_SOURCE;
				MTL_FAST_MATH = YES;
				ONLY_ACTIVE_ARCH = YES;
				SDKROOT = iphoneos;
				SWIFT_ACTIVE_COMPILATION_CONDITIONS = DEBUG;
				SWIFT_OPTIMIZATION_LEVEL = "-Onone";
			};
			name = Debug;
		};
		D4C57D0829F68C5A0048423F /* Release */ = {
			isa = XCBuildConfiguration;
			buildSettings = {
				ALWAYS_SEARCH_USER_PATHS = NO;
				CLANG_ANALYZER_NONNULL = YES;
				CLANG_ANALYZER_NUMBER_OBJECT_CONVERSION = YES_AGGRESSIVE;
				CLANG_CXX_LANGUAGE_STANDARD = "gnu++20";
				CLANG_ENABLE_MODULES = YES;
				CLANG_ENABLE_OBJC_ARC = YES;
				CLANG_ENABLE_OBJC_WEAK = YES;
				CLANG_WARN_BLOCK_CAPTURE_AUTORELEASING = YES;
				CLANG_WARN_BOOL_CONVERSION = YES;
				CLANG_WARN_COMMA = YES;
				CLANG_WARN_CONSTANT_CONVERSION = YES;
				CLANG_WARN_DEPRECATED_OBJC_IMPLEMENTATIONS = YES;
				CLANG_WARN_DIRECT_OBJC_ISA_USAGE = YES_ERROR;
				CLANG_WARN_DOCUMENTATION_COMMENTS = YES;
				CLANG_WARN_EMPTY_BODY = YES;
				CLANG_WARN_ENUM_CONVERSION = YES;
				CLANG_WARN_INFINITE_RECURSION = YES;
				CLANG_WARN_INT_CONVERSION = YES;
				CLANG_WARN_NON_LITERAL_NULL_CONVERSION = YES;
				CLANG_WARN_OBJC_IMPLICIT_RETAIN_SELF = YES;
				CLANG_WARN_OBJC_LITERAL_CONVERSION = YES;
				CLANG_WARN_OBJC_ROOT_CLASS = YES_ERROR;
				CLANG_WARN_QUOTED_INCLUDE_IN_FRAMEWORK_HEADER = YES;
				CLANG_WARN_RANGE_LOOP_ANALYSIS = YES;
				CLANG_WARN_STRICT_PROTOTYPES = YES;
				CLANG_WARN_SUSPICIOUS_MOVE = YES;
				CLANG_WARN_UNGUARDED_AVAILABILITY = YES_AGGRESSIVE;
				CLANG_WARN_UNREACHABLE_CODE = YES;
				CLANG_WARN__DUPLICATE_METHOD_MATCH = YES;
				COPY_PHASE_STRIP = NO;
				DEBUG_INFORMATION_FORMAT = "dwarf-with-dsym";
				ENABLE_NS_ASSERTIONS = NO;
				ENABLE_STRICT_OBJC_MSGSEND = YES;
				GCC_C_LANGUAGE_STANDARD = gnu11;
				GCC_NO_COMMON_BLOCKS = YES;
				GCC_WARN_64_TO_32_BIT_CONVERSION = YES;
				GCC_WARN_ABOUT_RETURN_TYPE = YES_ERROR;
				GCC_WARN_UNDECLARED_SELECTOR = YES;
				GCC_WARN_UNINITIALIZED_AUTOS = YES_AGGRESSIVE;
				GCC_WARN_UNUSED_FUNCTION = YES;
				GCC_WARN_UNUSED_VARIABLE = YES;
				IPHONEOS_DEPLOYMENT_TARGET = 16.1;
				MTL_ENABLE_DEBUG_INFO = NO;
				MTL_FAST_MATH = YES;
				SDKROOT = iphoneos;
				SWIFT_COMPILATION_MODE = wholemodule;
				SWIFT_OPTIMIZATION_LEVEL = "-O";
				VALIDATE_PRODUCT = YES;
			};
			name = Release;
		};
		D4C57D0A29F68C5A0048423F /* Debug */ = {
			isa = XCBuildConfiguration;
			buildSettings = {
				ASSETCATALOG_COMPILER_APPICON_NAME = AppIcon;
				ASSETCATALOG_COMPILER_GLOBAL_ACCENT_COLOR_NAME = AccentColor;
				CODE_SIGN_STYLE = Automatic;
				CURRENT_PROJECT_VERSION = 1;
				DEVELOPMENT_TEAM = 59LR79WH8J;
				GENERATE_INFOPLIST_FILE = YES;
				INFOPLIST_FILE = SwiftColorPalette/Info.plist;
				INFOPLIST_KEY_UIApplicationSupportsIndirectInputEvents = YES;
				INFOPLIST_KEY_UILaunchStoryboardName = LaunchScreen;
				INFOPLIST_KEY_UIMainStoryboardFile = Main;
				INFOPLIST_KEY_UISupportedInterfaceOrientations_iPad = "UIInterfaceOrientationPortrait UIInterfaceOrientationPortraitUpsideDown UIInterfaceOrientationLandscapeLeft UIInterfaceOrientationLandscapeRight";
				INFOPLIST_KEY_UISupportedInterfaceOrientations_iPhone = "UIInterfaceOrientationPortrait UIInterfaceOrientationLandscapeLeft UIInterfaceOrientationLandscapeRight";
				LD_RUNPATH_SEARCH_PATHS = (
					"$(inherited)",
					"@executable_path/Frameworks",
				);
				MARKETING_VERSION = 1.0;
				PRODUCT_BUNDLE_IDENTIFIER = com.eisukekusachi.SwiftColorPalette;
				PRODUCT_NAME = "$(TARGET_NAME)";
				SWIFT_EMIT_LOC_STRINGS = YES;
				SWIFT_VERSION = 5.0;
				TARGETED_DEVICE_FAMILY = "1,2";
			};
			name = Debug;
		};
		D4C57D0B29F68C5A0048423F /* Release */ = {
			isa = XCBuildConfiguration;
			buildSettings = {
				ASSETCATALOG_COMPILER_APPICON_NAME = AppIcon;
				ASSETCATALOG_COMPILER_GLOBAL_ACCENT_COLOR_NAME = AccentColor;
				CODE_SIGN_STYLE = Automatic;
				CURRENT_PROJECT_VERSION = 1;
				DEVELOPMENT_TEAM = 59LR79WH8J;
				GENERATE_INFOPLIST_FILE = YES;
				INFOPLIST_FILE = SwiftColorPalette/Info.plist;
				INFOPLIST_KEY_UIApplicationSupportsIndirectInputEvents = YES;
				INFOPLIST_KEY_UILaunchStoryboardName = LaunchScreen;
				INFOPLIST_KEY_UIMainStoryboardFile = Main;
				INFOPLIST_KEY_UISupportedInterfaceOrientations_iPad = "UIInterfaceOrientationPortrait UIInterfaceOrientationPortraitUpsideDown UIInterfaceOrientationLandscapeLeft UIInterfaceOrientationLandscapeRight";
				INFOPLIST_KEY_UISupportedInterfaceOrientations_iPhone = "UIInterfaceOrientationPortrait UIInterfaceOrientationLandscapeLeft UIInterfaceOrientationLandscapeRight";
				LD_RUNPATH_SEARCH_PATHS = (
					"$(inherited)",
					"@executable_path/Frameworks",
				);
				MARKETING_VERSION = 1.0;
				PRODUCT_BUNDLE_IDENTIFIER = com.eisukekusachi.SwiftColorPalette;
				PRODUCT_NAME = "$(TARGET_NAME)";
				SWIFT_EMIT_LOC_STRINGS = YES;
				SWIFT_VERSION = 5.0;
				TARGETED_DEVICE_FAMILY = "1,2";
			};
			name = Release;
		};
		D4C57D0D29F68C5A0048423F /* Debug */ = {
			isa = XCBuildConfiguration;
			buildSettings = {
				ALWAYS_EMBED_SWIFT_STANDARD_LIBRARIES = YES;
				BUNDLE_LOADER = "$(TEST_HOST)";
				CODE_SIGN_STYLE = Automatic;
				CURRENT_PROJECT_VERSION = 1;
				DEVELOPMENT_TEAM = 59LR79WH8J;
				GENERATE_INFOPLIST_FILE = YES;
				IPHONEOS_DEPLOYMENT_TARGET = 16.1;
				MARKETING_VERSION = 1.0;
				PRODUCT_BUNDLE_IDENTIFIER = com.eisukekusachi.SwiftColorPaletteTests;
				PRODUCT_NAME = "$(TARGET_NAME)";
				SWIFT_EMIT_LOC_STRINGS = NO;
				SWIFT_VERSION = 5.0;
				TARGETED_DEVICE_FAMILY = "1,2";
				TEST_HOST = "$(BUILT_PRODUCTS_DIR)/SwiftColorPalette.app/$(BUNDLE_EXECUTABLE_FOLDER_PATH)/SwiftColorPalette";
			};
			name = Debug;
		};
		D4C57D0E29F68C5A0048423F /* Release */ = {
			isa = XCBuildConfiguration;
			buildSettings = {
				ALWAYS_EMBED_SWIFT_STANDARD_LIBRARIES = YES;
				BUNDLE_LOADER = "$(TEST_HOST)";
				CODE_SIGN_STYLE = Automatic;
				CURRENT_PROJECT_VERSION = 1;
				DEVELOPMENT_TEAM = 59LR79WH8J;
				GENERATE_INFOPLIST_FILE = YES;
				IPHONEOS_DEPLOYMENT_TARGET = 16.1;
				MARKETING_VERSION = 1.0;
				PRODUCT_BUNDLE_IDENTIFIER = com.eisukekusachi.SwiftColorPaletteTests;
				PRODUCT_NAME = "$(TARGET_NAME)";
				SWIFT_EMIT_LOC_STRINGS = NO;
				SWIFT_VERSION = 5.0;
				TARGETED_DEVICE_FAMILY = "1,2";
				TEST_HOST = "$(BUILT_PRODUCTS_DIR)/SwiftColorPalette.app/$(BUNDLE_EXECUTABLE_FOLDER_PATH)/SwiftColorPalette";
			};
			name = Release;
		};
		D4C57D1029F68C5A0048423F /* Debug */ = {
			isa = XCBuildConfiguration;
			buildSettings = {
				ALWAYS_EMBED_SWIFT_STANDARD_LIBRARIES = YES;
				CODE_SIGN_STYLE = Automatic;
				CURRENT_PROJECT_VERSION = 1;
				DEVELOPMENT_TEAM = 59LR79WH8J;
				GENERATE_INFOPLIST_FILE = YES;
				MARKETING_VERSION = 1.0;
				PRODUCT_BUNDLE_IDENTIFIER = com.eisukekusachi.SwiftColorPaletteUITests;
				PRODUCT_NAME = "$(TARGET_NAME)";
				SWIFT_EMIT_LOC_STRINGS = NO;
				SWIFT_VERSION = 5.0;
				TARGETED_DEVICE_FAMILY = "1,2";
				TEST_TARGET_NAME = SwiftColorPalette;
			};
			name = Debug;
		};
		D4C57D1129F68C5A0048423F /* Release */ = {
			isa = XCBuildConfiguration;
			buildSettings = {
				ALWAYS_EMBED_SWIFT_STANDARD_LIBRARIES = YES;
				CODE_SIGN_STYLE = Automatic;
				CURRENT_PROJECT_VERSION = 1;
				DEVELOPMENT_TEAM = 59LR79WH8J;
				GENERATE_INFOPLIST_FILE = YES;
				MARKETING_VERSION = 1.0;
				PRODUCT_BUNDLE_IDENTIFIER = com.eisukekusachi.SwiftColorPaletteUITests;
				PRODUCT_NAME = "$(TARGET_NAME)";
				SWIFT_EMIT_LOC_STRINGS = NO;
				SWIFT_VERSION = 5.0;
				TARGETED_DEVICE_FAMILY = "1,2";
				TEST_TARGET_NAME = SwiftColorPalette;
			};
			name = Release;
		};
/* End XCBuildConfiguration section */

/* Begin XCConfigurationList section */
		D4C57CDA29F68C580048423F /* Build configuration list for PBXProject "SwiftColorPalette" */ = {
			isa = XCConfigurationList;
			buildConfigurations = (
				D4C57D0729F68C5A0048423F /* Debug */,
				D4C57D0829F68C5A0048423F /* Release */,
			);
			defaultConfigurationIsVisible = 0;
			defaultConfigurationName = Release;
		};
		D4C57D0929F68C5A0048423F /* Build configuration list for PBXNativeTarget "SwiftColorPalette" */ = {
			isa = XCConfigurationList;
			buildConfigurations = (
				D4C57D0A29F68C5A0048423F /* Debug */,
				D4C57D0B29F68C5A0048423F /* Release */,
			);
			defaultConfigurationIsVisible = 0;
			defaultConfigurationName = Release;
		};
		D4C57D0C29F68C5A0048423F /* Build configuration list for PBXNativeTarget "SwiftColorPaletteTests" */ = {
			isa = XCConfigurationList;
			buildConfigurations = (
				D4C57D0D29F68C5A0048423F /* Debug */,
				D4C57D0E29F68C5A0048423F /* Release */,
			);
			defaultConfigurationIsVisible = 0;
			defaultConfigurationName = Release;
		};
		D4C57D0F29F68C5A0048423F /* Build configuration list for PBXNativeTarget "SwiftColorPaletteUITests" */ = {
			isa = XCConfigurationList;
			buildConfigurations = (
				D4C57D1029F68C5A0048423F /* Debug */,
				D4C57D1129F68C5A0048423F /* Release */,
			);
			defaultConfigurationIsVisible = 0;
			defaultConfigurationName = Release;
		};
/* End XCConfigurationList section */
	};
	rootObject = D4C57CD729F68C580048423F /* Project object */;
}
